
Microsoft Visual Studio Solution File, Format Version 12.00
# Visual Studio Version 16
VisualStudioVersion = 16.0.32106.194
MinimumVisualStudioVersion = 10.0.40219.1
Project("{FAE04EC0-301F-11D3-BF4B-00C04F79EFBC}") = "SOLID-OC_correcto", "SOLID-OC_correcto\SOLID-OC_correcto.csproj", "{0AF510F0-EBBC-4959-8ABF-CFD8A54E6313}"
EndProject
Global
	GlobalSection(SolutionConfigurationPlatforms) = preSolution
		Debug|Any CPU = Debug|Any CPU
		Release|Any CPU = Release|Any CPU
	EndGlobalSection
	GlobalSection(ProjectConfigurationPlatforms) = postSolution
		{0AF510F0-EBBC-4959-8ABF-CFD8A54E6313}.Debug|Any CPU.ActiveCfg = Debug|Any CPU
		{0AF510F0-EBBC-4959-8ABF-CFD8A54E6313}.Debug|Any CPU.Build.0 = Debug|Any CPU
		{0AF510F0-EBBC-4959-8ABF-CFD8A54E6313}.Release|Any CPU.ActiveCfg = Release|Any CPU
		{0AF510F0-EBBC-4959-8ABF-CFD8A54E6313}.Release|Any CPU.Build.0 = Release|Any CPU
	EndGlobalSection
	GlobalSection(SolutionProperties) = preSolution
		HideSolutionNode = FALSE
	EndGlobalSection
	GlobalSection(ExtensibilityGlobals) = postSolution
		SolutionGuid = {7BE0E09D-8D46-483F-A32D-1E1F7C97365D}
	EndGlobalSection
EndGlobal
